
Microsoft Visual Studio Solution File, Format Version 12.00
# Visual Studio 14
VisualStudioVersion = 14.0.25420.1
MinimumVisualStudioVersion = 10.0.40219.1
Project("{FAE04EC0-301F-11D3-BF4B-00C04F79EFBC}") = "SquareArea", "SquareArea\SquareArea.csproj", "{D641E6BF-7B40-49CA-AB60-00429630377B}"
EndProject
Project("{FAE04EC0-301F-11D3-BF4B-00C04F79EFBC}") = "InchesToCm", "InchesToCm\InchesToCm.csproj", "{B123BA49-B625-4461-A65D-CA52B0CEB443}"
EndProject
Project("{FAE04EC0-301F-11D3-BF4B-00C04F79EFBC}") = "GreetingsByName", "GreetingsByName\GreetingsByName.csproj", "{241E0EAC-3490-4589-B0EF-190D718E224F}"
EndProject
Project("{FAE04EC0-301F-11D3-BF4B-00C04F79EFBC}") = "ConcatenateData", "ConcatenateData\ConcatenateData.csproj", "{97887C18-95DA-49EE-820F-692E9548AF66}"
EndProject
Project("{FAE04EC0-301F-11D3-BF4B-00C04F79EFBC}") = "05.TrapeziodArea", "05.TrapeziodArea\05.TrapeziodArea.csproj", "{3B3CA2FE-F960-457F-A3DB-0B969ECEC367}"
EndProject
Project("{FAE04EC0-301F-11D3-BF4B-00C04F79EFBC}") = "06.CircleAreaAndPerimeter", "06.CircleAreaAndPerimeter\06.CircleAreaAndPerimeter.csproj", "{FD41FA68-CEA8-4769-9BEB-7606A489EBC9}"
EndProject
Project("{FAE04EC0-301F-11D3-BF4B-00C04F79EFBC}") = "07.2DRectangleArea", "07.2DRectangleArea\07.2DRectangleArea.csproj", "{42ED0DBF-0F2B-451E-96FC-CF507097515B}"
EndProject
Project("{FAE04EC0-301F-11D3-BF4B-00C04F79EFBC}") = "08. Triangle Area", "08. Triangle Area\08. Triangle Area.csproj", "{35AD093E-4B9F-4457-9C0A-EBB9B6F2B77E}"
EndProject
Project("{FAE04EC0-301F-11D3-BF4B-00C04F79EFBC}") = "09. Celsius to Fahrenheit", "09. Celsius to Fahrenheit\09. Celsius to Fahrenheit.csproj", "{E9DB2E51-8CCF-4DF7-B463-59C87E769FDC}"
EndProject
Project("{FAE04EC0-301F-11D3-BF4B-00C04F79EFBC}") = "10. Radians to Degrees", "10. Radians to Degrees\10. Radians to Degrees.csproj", "{3EC9B1B8-D519-4A5D-9A9B-A2AE1F702CF0}"
EndProject
Project("{FAE04EC0-301F-11D3-BF4B-00C04F79EFBC}") = "11. USD to BGN", "11. USD to BGN\11. USD to BGN.csproj", "{AED3D1C6-3EEA-488D-8D44-ADBEC89DC3DF}"
EndProject
Project("{FAE04EC0-301F-11D3-BF4B-00C04F79EFBC}") = "12. Currency Converter", "12. Currency Converter\12. Currency Converter.csproj", "{9CA13BD6-9BF6-4D0E-A2CB-BDE338F5F0E6}"
EndProject
Project("{FAE04EC0-301F-11D3-BF4B-00C04F79EFBC}") = "13. 1000 Days After Birth", "13. 1000 Days After Birth\13. 1000 Days After Birth.csproj", "{F55B0A81-E94E-4BBC-9FA3-AC0CD574E829}"
EndProject
Global
	GlobalSection(SolutionConfigurationPlatforms) = preSolution
		Debug|Any CPU = Debug|Any CPU
		Release|Any CPU = Release|Any CPU
	EndGlobalSection
	GlobalSection(ProjectConfigurationPlatforms) = postSolution
		{D641E6BF-7B40-49CA-AB60-00429630377B}.Debug|Any CPU.ActiveCfg = Debug|Any CPU
		{D641E6BF-7B40-49CA-AB60-00429630377B}.Debug|Any CPU.Build.0 = Debug|Any CPU
		{D641E6BF-7B40-49CA-AB60-00429630377B}.Release|Any CPU.ActiveCfg = Release|Any CPU
		{D641E6BF-7B40-49CA-AB60-00429630377B}.Release|Any CPU.Build.0 = Release|Any CPU
		{B123BA49-B625-4461-A65D-CA52B0CEB443}.Debug|Any CPU.ActiveCfg = Debug|Any CPU
		{B123BA49-B625-4461-A65D-CA52B0CEB443}.Debug|Any CPU.Build.0 = Debug|Any CPU
		{B123BA49-B625-4461-A65D-CA52B0CEB443}.Release|Any CPU.ActiveCfg = Release|Any CPU
		{B123BA49-B625-4461-A65D-CA52B0CEB443}.Release|Any CPU.Build.0 = Release|Any CPU
		{241E0EAC-3490-4589-B0EF-190D718E224F}.Debug|Any CPU.ActiveCfg = Debug|Any CPU
		{241E0EAC-3490-4589-B0EF-190D718E224F}.Debug|Any CPU.Build.0 = Debug|Any CPU
		{241E0EAC-3490-4589-B0EF-190D718E224F}.Release|Any CPU.ActiveCfg = Release|Any CPU
		{241E0EAC-3490-4589-B0EF-190D718E224F}.Release|Any CPU.Build.0 = Release|Any CPU
		{97887C18-95DA-49EE-820F-692E9548AF66}.Debug|Any CPU.ActiveCfg = Debug|Any CPU
		{97887C18-95DA-49EE-820F-692E9548AF66}.Debug|Any CPU.Build.0 = Debug|Any CPU
		{97887C18-95DA-49EE-820F-692E9548AF66}.Release|Any CPU.ActiveCfg = Release|Any CPU
		{97887C18-95DA-49EE-820F-692E9548AF66}.Release|Any CPU.Build.0 = Release|Any CPU
		{3B3CA2FE-F960-457F-A3DB-0B969ECEC367}.Debug|Any CPU.ActiveCfg = Debug|Any CPU
		{3B3CA2FE-F960-457F-A3DB-0B969ECEC367}.Debug|Any CPU.Build.0 = Debug|Any CPU
		{3B3CA2FE-F960-457F-A3DB-0B969ECEC367}.Release|Any CPU.ActiveCfg = Release|Any CPU
		{3B3CA2FE-F960-457F-A3DB-0B969ECEC367}.Release|Any CPU.Build.0 = Release|Any CPU
		{FD41FA68-CEA8-4769-9BEB-7606A489EBC9}.Debug|Any CPU.ActiveCfg = Debug|Any CPU
		{FD41FA68-CEA8-4769-9BEB-7606A489EBC9}.Debug|Any CPU.Build.0 = Debug|Any CPU
		{FD41FA68-CEA8-4769-9BEB-7606A489EBC9}.Release|Any CPU.ActiveCfg = Release|Any CPU
		{FD41FA68-CEA8-4769-9BEB-7606A489EBC9}.Release|Any CPU.Build.0 = Release|Any CPU
		{42ED0DBF-0F2B-451E-96FC-CF507097515B}.Debug|Any CPU.ActiveCfg = Debug|Any CPU
		{42ED0DBF-0F2B-451E-96FC-CF507097515B}.Debug|Any CPU.Build.0 = Debug|Any CPU
		{42ED0DBF-0F2B-451E-96FC-CF507097515B}.Release|Any CPU.ActiveCfg = Release|Any CPU
		{42ED0DBF-0F2B-451E-96FC-CF507097515B}.Release|Any CPU.Build.0 = Release|Any CPU
		{35AD093E-4B9F-4457-9C0A-EBB9B6F2B77E}.Debug|Any CPU.ActiveCfg = Debug|Any CPU
		{35AD093E-4B9F-4457-9C0A-EBB9B6F2B77E}.Debug|Any CPU.Build.0 = Debug|Any CPU
		{35AD093E-4B9F-4457-9C0A-EBB9B6F2B77E}.Release|Any CPU.ActiveCfg = Release|Any CPU
		{35AD093E-4B9F-4457-9C0A-EBB9B6F2B77E}.Release|Any CPU.Build.0 = Release|Any CPU
		{E9DB2E51-8CCF-4DF7-B463-59C87E769FDC}.Debug|Any CPU.ActiveCfg = Debug|Any CPU
		{E9DB2E51-8CCF-4DF7-B463-59C87E769FDC}.Debug|Any CPU.Build.0 = Debug|Any CPU
		{E9DB2E51-8CCF-4DF7-B463-59C87E769FDC}.Release|Any CPU.ActiveCfg = Release|Any CPU
		{E9DB2E51-8CCF-4DF7-B463-59C87E769FDC}.Release|Any CPU.Build.0 = Release|Any CPU
		{3EC9B1B8-D519-4A5D-9A9B-A2AE1F702CF0}.Debug|Any CPU.ActiveCfg = Debug|Any CPU
		{3EC9B1B8-D519-4A5D-9A9B-A2AE1F702CF0}.Debug|Any CPU.Build.0 = Debug|Any CPU
		{3EC9B1B8-D519-4A5D-9A9B-A2AE1F702CF0}.Release|Any CPU.ActiveCfg = Release|Any CPU
		{3EC9B1B8-D519-4A5D-9A9B-A2AE1F702CF0}.Release|Any CPU.Build.0 = Release|Any CPU
		{AED3D1C6-3EEA-488D-8D44-ADBEC89DC3DF}.Debug|Any CPU.ActiveCfg = Debug|Any CPU
		{AED3D1C6-3EEA-488D-8D44-ADBEC89DC3DF}.Debug|Any CPU.Build.0 = Debug|Any CPU
		{AED3D1C6-3EEA-488D-8D44-ADBEC89DC3DF}.Release|Any CPU.ActiveCfg = Release|Any CPU
		{AED3D1C6-3EEA-488D-8D44-ADBEC89DC3DF}.Release|Any CPU.Build.0 = Release|Any CPU
		{9CA13BD6-9BF6-4D0E-A2CB-BDE338F5F0E6}.Debug|Any CPU.ActiveCfg = Debug|Any CPU
		{9CA13BD6-9BF6-4D0E-A2CB-BDE338F5F0E6}.Debug|Any CPU.Build.0 = Debug|Any CPU
		{9CA13BD6-9BF6-4D0E-A2CB-BDE338F5F0E6}.Release|Any CPU.ActiveCfg = Release|Any CPU
		{9CA13BD6-9BF6-4D0E-A2CB-BDE338F5F0E6}.Release|Any CPU.Build.0 = Release|Any CPU
		{F55B0A81-E94E-4BBC-9FA3-AC0CD574E829}.Debug|Any CPU.ActiveCfg = Debug|Any CPU
		{F55B0A81-E94E-4BBC-9FA3-AC0CD574E829}.Debug|Any CPU.Build.0 = Debug|Any CPU
		{F55B0A81-E94E-4BBC-9FA3-AC0CD574E829}.Release|Any CPU.ActiveCfg = Release|Any CPU
		{F55B0A81-E94E-4BBC-9FA3-AC0CD574E829}.Release|Any CPU.Build.0 = Release|Any CPU
	EndGlobalSection
	GlobalSection(SolutionProperties) = preSolution
		HideSolutionNode = FALSE
	EndGlobalSection
EndGlobal
